
Microsoft Visual Studio Solution File, Format Version 12.00
# Visual Studio Version 16
VisualStudioVersion = 16.0.30611.23
MinimumVisualStudioVersion = 10.0.40219.1
Project("{FAE04EC0-301F-11D3-BF4B-00C04F79EFBC}") = "Sol_Demo", "Sol_Demo\Sol_Demo.csproj", "{68405F6F-3566-4523-8489-7DCE72AB8DC1}"
EndProject
Global
	GlobalSection(SolutionConfigurationPlatforms) = preSolution
		Debug|Any CPU = Debug|Any CPU
		Release|Any CPU = Release|Any CPU
	EndGlobalSection
	GlobalSection(ProjectConfigurationPlatforms) = postSolution
		{68405F6F-3566-4523-8489-7DCE72AB8DC1}.Debug|Any CPU.ActiveCfg = Debug|Any CPU
		{68405F6F-3566-4523-8489-7DCE72AB8DC1}.Debug|Any CPU.Build.0 = Debug|Any CPU
		{68405F6F-3566-4523-8489-7DCE72AB8DC1}.Release|Any CPU.ActiveCfg = Release|Any CPU
		{68405F6F-3566-4523-8489-7DCE72AB8DC1}.Release|Any CPU.Build.0 = Release|Any CPU
	EndGlobalSection
	GlobalSection(SolutionProperties) = preSolution
		HideSolutionNode = FALSE
	EndGlobalSection
	GlobalSection(ExtensibilityGlobals) = postSolution
		SolutionGuid = {A96A4594-C9EF-4079-91D9-9D6505C192D3}
	EndGlobalSection
EndGlobal
